<?xml version="1.0" encoding="utf-8"?>
<Project ToolsVersion="4.0" xmlns="http://schemas.microsoft.com/developer/msbuild/2003">
  <ItemGroup>
    <Filter Include="99 Other">
      <UniqueIdentifier>{34922ef5-ac24-4ed2-9398-c17959218c3a}</UniqueIdentifier>
    </Filter>
    <Filter Include="01 String">
      <UniqueIdentifier>{3dc8efa8-32ea-490d-80b0-6f0a1c2b74a1}</UniqueIdentifier>
    </Filter>
    <Filter Include="02 Exception">
      <UniqueIdentifier>{31969afd-9331-4e71-8a89-d6e019625d2d}</UniqueIdentifier>
    </Filter>
    <Filter Include="00 Tool">
      <UniqueIdentifier>{b6a30ba0-4f95-4553-a67c-7d3aa06d5594}</UniqueIdentifier>
    </Filter>
    <Filter Include="03 ShellService">
      <UniqueIdentifier>{04171850-b54b-491c-a9a2-4e16150470cf}</UniqueIdentifier>
    </Filter>
    <Filter Include="04 Ini">
      <UniqueIdentifier>{d37e9eb8-c702-4e0c-8919-89c47254d4a9}</UniqueIdentifier>
    </Filter>
    <Filter Include="05 Http">
      <UniqueIdentifier>{9093aa2c-e97c-4592-b0b3-fddab513efc0}</UniqueIdentifier>
    </Filter>
    <Filter Include="06 Encryption">
      <UniqueIdentifier>{e861ca5d-29a9-4121-9272-a86afbccd6b7}</UniqueIdentifier>
    </Filter>
    <Filter Include="07 Stream">
      <UniqueIdentifier>{d355fc40-8c88-4771-9cab-a2f5d4100142}</UniqueIdentifier>
    </Filter>
  </ItemGroup>
  <ItemGroup>
    <ClInclude Include="targetver.h">
      <Filter>99 Other</Filter>
    </ClInclude>
    <ClInclude Include="stdafx.h">
      <Filter>99 Other</Filter>
    </ClInclude>
    <ClInclude Include="Include\Common\ExceptionHandler.h">
      <Filter>02 Exception</Filter>
    </ClInclude>
    <ClInclude Include="Include\com\ShellService.h">
      <Filter>03 ShellService</Filter>
    </ClInclude>
    <ClInclude Include="Include\com\CommonTool.h">
      <Filter>00 Tool</Filter>
    </ClInclude>
    <ClInclude Include="Include\com\IniHelper.h">
      <Filter>04 Ini</Filter>
    </ClInclude>
    <ClInclude Include="Include\com\StringTool.h">
      <Filter>01 String</Filter>
    </ClInclude>
    <ClInclude Include="Include\com\HttpRequest.h">
      <Filter>05 Http</Filter>
    </ClInclude>
    <ClInclude Include="Include\com\HttpResponse.h">
      <Filter>05 Http</Filter>
    </ClInclude>
    <ClInclude Include="Include\com\sha1.h">
      <Filter>06 Encryption</Filter>
    </ClInclude>
    <ClInclude Include="Include\com\Base64.h">
      <Filter>06 Encryption</Filter>
    </ClInclude>
    <ClInclude Include="Include\com\MemoryStream.h">
      <Filter>07 Stream</Filter>
    </ClInclude>
  </ItemGroup>
  <ItemGroup>
    <ClCompile Include="stdafx.cpp">
      <Filter>99 Other</Filter>
    </ClCompile>
    <ClCompile Include="CommonTool.cpp">
      <Filter>00 Tool</Filter>
    </ClCompile>
    <ClCompile Include="ExceptionHandler.cpp">
      <Filter>02 Exception</Filter>
    </ClCompile>
    <ClCompile Include="ShellService.cpp">
      <Filter>03 ShellService</Filter>
    </ClCompile>
    <ClCompile Include="IniHelper.cpp">
      <Filter>04 Ini</Filter>
    </ClCompile>
    <ClCompile Include="StringTool.cpp">
      <Filter>01 String</Filter>
    </ClCompile>
    <ClCompile Include="HttpRequest.cpp">
      <Filter>05 Http</Filter>
    </ClCompile>
    <ClCompile Include="HttpResponse.cpp">
      <Filter>05 Http</Filter>
    </ClCompile>
    <ClCompile Include="sha1.cpp">
      <Filter>06 Encryption</Filter>
    </ClCompile>
    <ClCompile Include="Base64.cpp">
      <Filter>06 Encryption</Filter>
    </ClCompile>
    <ClCompile Include="MemoryStream.cpp">
      <Filter>07 Stream</Filter>
    </ClCompile>
  </ItemGroup>
  <ItemGroup>
    <Text Include="ReadMe.txt">
      <Filter>99 Other</Filter>
    </Text>
  </ItemGroup>
</Project>