<?xml version="1.0" encoding="utf-8"?>
<Project ToolsVersion="4.0" xmlns="http://schemas.microsoft.com/developer/msbuild/2003">
  <ItemGroup>
    <Filter Include="01 Common">
      <UniqueIdentifier>{24784bd7-8324-4e2d-964e-4b1960d0388d}</UniqueIdentifier>
    </Filter>
    <Filter Include="02 HttpClient">
      <UniqueIdentifier>{c1463b30-cdbb-48ec-9747-f49c0fbb2bb4}</UniqueIdentifier>
    </Filter>
    <Filter Include="03 PacketSrv">
      <UniqueIdentifier>{d5e2f6d4-82e1-45c1-9477-f02db5fcc098}</UniqueIdentifier>
    </Filter>
    <Filter Include="04 DbSrv">
      <UniqueIdentifier>{705979a8-0ff2-45f7-a433-ac6bd3b8f007}</UniqueIdentifier>
    </Filter>
    <Filter Include="99 Other">
      <UniqueIdentifier>{2206bb12-9edf-4b46-a0b9-8b22d66a0324}</UniqueIdentifier>
    </Filter>
    <Filter Include="05 WebSocket">
      <UniqueIdentifier>{d3a52a49-40be-4cbd-af05-310692a5c887}</UniqueIdentifier>
    </Filter>
    <Filter Include="06 Log">
      <UniqueIdentifier>{f10fe69a-0421-4ef0-9822-c76ce2c1ffe4}</UniqueIdentifier>
    </Filter>
  </ItemGroup>
  <ItemGroup>
    <ClInclude Include="targetver.h">
      <Filter>99 Other</Filter>
    </ClInclude>
    <ClInclude Include="stdafx.h">
      <Filter>99 Other</Filter>
    </ClInclude>
    <ClInclude Include="DbSrvDemo.h">
      <Filter>04 DbSrv</Filter>
    </ClInclude>
    <ClInclude Include="HttpClientDemo.h">
      <Filter>02 HttpClient</Filter>
    </ClInclude>
    <ClInclude Include="WebSocket.h">
      <Filter>05 WebSocket</Filter>
    </ClInclude>
    <ClInclude Include="WebSocketServer.h">
      <Filter>05 WebSocket</Filter>
    </ClInclude>
    <ClInclude Include="Log.h">
      <Filter>06 Log</Filter>
    </ClInclude>
  </ItemGroup>
  <ItemGroup>
    <ClCompile Include="stdafx.cpp">
      <Filter>99 Other</Filter>
    </ClCompile>
    <ClCompile Include="Demo.cpp" />
    <ClCompile Include="HttpClientDemo.cpp">
      <Filter>02 HttpClient</Filter>
    </ClCompile>
    <ClCompile Include="WebSocket.cpp">
      <Filter>05 WebSocket</Filter>
    </ClCompile>
    <ClCompile Include="WebSocketServer.cpp">
      <Filter>05 WebSocket</Filter>
    </ClCompile>
    <ClCompile Include="Log.cpp">
      <Filter>06 Log</Filter>
    </ClCompile>
  </ItemGroup>
  <ItemGroup>
    <Text Include="ReadMe.txt">
      <Filter>99 Other</Filter>
    </Text>
  </ItemGroup>
</Project>